{
  "lockfileVersion": 1,
  "workspaces": {
    "": {
      "name": "diffie-hellman-demo",
      "dependencies": {
        "readline": "^1.3.0",
        "ws": "^8.14.2",
      },
    },
  },
  "packages": {
    "readline": ["readline@1.3.0", "", {}, "sha512-k2d6ACCkiNYz222Fs/iNze30rRJ1iIicW7JuX/7/cozvih6YCkFZH+J6mAFDVgv0dRBaAyr4jDqC95R2y4IADg=="],

    "ws": ["ws@8.18.3", "", { "peerDependencies": { "bufferutil": "^4.0.1", "utf-8-validate": ">=5.0.2" }, "optionalPeers": ["bufferutil", "utf-8-validate"] }, "sha512-PEIGCY5tSlUt50cqyMXfCzX+oOPqN0vuGqWzbcJ2xvnkzkq46oOpz7dQaTDBdfICb4N14+GARUDw2XV2N4tvzg=="],
  }
}
